// !$*UTF8*$!
{
	archiveVersion = 1;
	classes = {
	};
	objectVersion = 50;
	objects = {

/* Begin PBXBuildFile section */
		05FE49F125B7626900FF0572 /* AppDelegate.swift in Sources */ = {isa = PBXBuildFile; fileRef = 05FE49F025B7626900FF0572 /* AppDelegate.swift */; };
		05FE49F325B7626900FF0572 /* SceneDelegate.swift in Sources */ = {isa = PBXBuildFile; fileRef = 05FE49F225B7626900FF0572 /* SceneDelegate.swift */; };
		05FE49F525B7626A00FF0572 /* ViewController.swift in Sources */ = {isa = PBXBuildFile; fileRef = 05FE49F425B7626A00FF0572 /* ViewController.swift */; };
		05FE49FA25B7627000FF0572 /* Assets.xcassets in Resources */ = {isa = PBXBuildFile; fileRef = 05FE49F925B7627000FF0572 /* Assets.xcassets */; };
		05FE49FD25B7627000FF0572 /* LaunchScreen.storyboard in Resources */ = {isa = PBXBuildFile; fileRef = 05FE49FB25B7627000FF0572 /* LaunchScreen.storyboard */; };
		05FE4A0825B7627100FF0572 /* I_Am_RichTests.swift in Sources */ = {isa = PBXBuildFile; fileRef = 05FE4A0725B7627100FF0572 /* I_Am_RichTests.swift */; };
		05FE4A1325B7627100FF0572 /* I_Am_RichUITests.swift in Sources */ = {isa = PBXBuildFile; fileRef = 05FE4A1225B7627100FF0572 /* I_Am_RichUITests.swift */; };
		05FE4A2625B7972B00FF0572 /* Main.storyboard in Resources */ = {isa = PBXBuildFile; fileRef = 05FE49F625B7626A00FF0572 /* Main.storyboard */; };
		05FE4A2A25B7988000FF0572 /* Main.storyboard in Resources */ = {isa = PBXBuildFile; fileRef = 05FE49F625B7626A00FF0572 /* Main.storyboard */; };
		05FE4A2E25B7988100FF0572 /* Main.storyboard in Resources */ = {isa = PBXBuildFile; fileRef = 05FE49F625B7626A00FF0572 /* Main.storyboard */; };
/* End PBXBuildFile section */

/* Begin PBXContainerItemProxy section */
		05FE4A0425B7627100FF0572 /* PBXContainerItemProxy */ = {
			isa = PBXContainerItemProxy;
			containerPortal = 05FE49E525B7626900FF0572 /* Project object */;
			proxyType = 1;
			remoteGlobalIDString = 05FE49EC25B7626900FF0572;
			remoteInfo = "I Am Rich";
		};
		05FE4A0F25B7627100FF0572 /* PBXContainerItemProxy */ = {
			isa = PBXContainerItemProxy;
			containerPortal = 05FE49E525B7626900FF0572 /* Project object */;
			proxyType = 1;
			remoteGlobalIDString = 05FE49EC25B7626900FF0572;
			remoteInfo = "I Am Rich";
		};
/* End PBXContainerItemProxy section */

/* Begin PBXFileReference section */
		05FE49ED25B7626900FF0572 /* I Am Rich.app */ = {isa = PBXFileReference; explicitFileType = wrapper.application; includeInIndex = 0; path = "I Am Rich.app"; sourceTree = BUILT_PRODUCTS_DIR; };
		05FE49F025B7626900FF0572 /* AppDelegate.swift */ = {isa = PBXFileReference; lastKnownFileType = sourcecode.swift; path = AppDelegate.swift; sourceTree = "<group>"; };
		05FE49F225B7626900FF0572 /* SceneDelegate.swift */ = {isa = PBXFileReference; lastKnownFileType = sourcecode.swift; path = SceneDelegate.swift; sourceTree = "<group>"; };
		05FE49F425B7626A00FF0572 /* ViewController.swift */ = {isa = PBXFileReference; lastKnownFileType = sourcecode.swift; path = ViewController.swift; sourceTree = "<group>"; };
		05FE49F725B7626A00FF0572 /* Base */ = {isa = PBXFileReference; lastKnownFileType = file.storyboard; name = Base; path = Base.lproj/Main.storyboard; sourceTree = "<group>"; };
		05FE49F925B7627000FF0572 /* Assets.xcassets */ = {isa = PBXFileReference; lastKnownFileType = folder.assetcatalog; path = Assets.xcassets; sourceTree = "<group>"; };
		05FE49FC25B7627000FF0572 /* Base */ = {isa = PBXFileReference; lastKnownFileType = file.storyboard; name = Base; path = Base.lproj/LaunchScreen.storyboard; sourceTree = "<group>"; };
		05FE49FE25B7627000FF0572 /* Info.plist */ = {isa = PBXFileReference; lastKnownFileType = text.plist.xml; path = Info.plist; sourceTree = "<group>"; };
		05FE4A0325B7627100FF0572 /* I Am RichTests.xctest */ = {isa = PBXFileReference; explicitFileType = wrapper.cfbundle; includeInIndex = 0; path = "I Am RichTests.xctest"; sourceTree = BUILT_PRODUCTS_DIR; };
		05FE4A0725B7627100FF0572 /* I_Am_RichTests.swift */ = {isa = PBXFileReference; lastKnownFileType = sourcecode.swift; path = I_Am_RichTests.swift; sourceTree = "<group>"; };
		05FE4A0925B7627100FF0572 /* Info.plist */ = {isa = PBXFileReference; lastKnownFileType = text.plist.xml; path = Info.plist; sourceTree = "<group>"; };
		05FE4A0E25B7627100FF0572 /* I Am RichUITests.xctest */ = {isa = PBXFileReference; explicitFileType = wrapper.cfbundle; includeInIndex = 0; path = "I Am RichUITests.xctest"; sourceTree = BUILT_PRODUCTS_DIR; };
		05FE4A1225B7627100FF0572 /* I_Am_RichUITests.swift */ = {isa = PBXFileReference; lastKnownFileType = sourcecode.swift; path = I_Am_RichUITests.swift; sourceTree = "<group>"; };
		05FE4A1425B7627100FF0572 /* Info.plist */ = {isa = PBXFileReference; lastKnownFileType = text.plist.xml; path = Info.plist; sourceTree = "<group>"; };
/* End PBXFileReference section */

/* Begin PBXFrameworksBuildPhase section */
		05FE49EA25B7626900FF0572 /* Frameworks */ = {
			isa = PBXFrameworksBuildPhase;
			buildActionMask = 2147483647;
			files = (
			);
			runOnlyForDeploymentPostprocessing = 0;
		};
		05FE4A0025B7627100FF0572 /* Frameworks */ = {
			isa = PBXFrameworksBuildPhase;
			buildActionMask = 2147483647;
			files = (
			);
			runOnlyForDeploymentPostprocessing = 0;
		};
		05FE4A0B25B7627100FF0572 /* Frameworks */ = {
			isa = PBXFrameworksBuildPhase;
			buildActionMask = 2147483647;
			files = (
			);
			runOnlyForDeploymentPostprocessing = 0;
		};
/* End PBXFrameworksBuildPhase section */

/* Begin PBXGroup section */
		05FE49E425B7626900FF0572 = {
			isa = PBXGroup;
			children = (
				05FE49EF25B7626900FF0572 /* I Am Rich */,
				05FE4A0625B7627100FF0572 /* I Am RichTests */,
				05FE4A1125B7627100FF0572 /* I Am RichUITests */,
				05FE49EE25B7626900FF0572 /* Products */,
			);
			sourceTree = "<group>";
		};
		05FE49EE25B7626900FF0572 /* Products */ = {
			isa = PBXGroup;
			children = (
				05FE49ED25B7626900FF0572 /* I Am Rich.app */,
				05FE4A0325B7627100FF0572 /* I Am RichTests.xctest */,
				05FE4A0E25B7627100FF0572 /* I Am RichUITests.xctest */,
			);
			name = Products;
			sourceTree = "<group>";
		};
		05FE49EF25B7626900FF0572 /* I Am Rich */ = {
			isa = PBXGroup;
			children = (
				05FE49F025B7626900FF0572 /* AppDelegate.swift */,
				05FE49F225B7626900FF0572 /* SceneDelegate.swift */,
				05FE49F425B7626A00FF0572 /* ViewController.swift */,
				05FE49F625B7626A00FF0572 /* Main.storyboard */,
				05FE49F925B7627000FF0572 /* Assets.xcassets */,
				05FE49FB25B7627000FF0572 /* LaunchScreen.storyboard */,
				05FE49FE25B7627000FF0572 /* Info.plist */,
			);
			path = "I Am Rich";
			sourceTree = "<group>";
		};
		05FE4A0625B7627100FF0572 /* I Am RichTests */ = {
			isa = PBXGroup;
			children = (
				05FE4A0725B7627100FF0572 /* I_Am_RichTests.swift */,
				05FE4A0925B7627100FF0572 /* Info.plist */,
			);
			path = "I Am RichTests";
			sourceTree = "<group>";
		};
		05FE4A1125B7627100FF0572 /* I Am RichUITests */ = {
			isa = PBXGroup;
			children = (
				05FE4A1225B7627100FF0572 /* I_Am_RichUITests.swift */,
				05FE4A1425B7627100FF0572 /* Info.plist */,
			);
			path = "I Am RichUITests";
			sourceTree = "<group>";
		};
/* End PBXGroup section */

/* Begin PBXNativeTarget section */
		05FE49EC25B7626900FF0572 /* I Am Rich */ = {
			isa = PBXNativeTarget;
			buildConfigurationList = 05FE4A1725B7627100FF0572 /* Build configuration list for PBXNativeTarget "I Am Rich" */;
			buildPhases = (
				05FE49E925B7626900FF0572 /* Sources */,
				05FE49EA25B7626900FF0572 /* Frameworks */,
				05FE49EB25B7626900FF0572 /* Resources */,
			);
			buildRules = (
			);
			dependencies = (
			);
			name = "I Am Rich";
			productName = "I Am Rich";
			productReference = 05FE49ED25B7626900FF0572 /* I Am Rich.app */;
			productType = "com.apple.product-type.application";
		};
		05FE4A0225B7627100FF0572 /* I Am RichTests */ = {
			isa = PBXNativeTarget;
			buildConfigurationList = 05FE4A1A25B7627100FF0572 /* Build configuration list for PBXNativeTarget "I Am RichTests" */;
			buildPhases = (
				05FE49FF25B7627100FF0572 /* Sources */,
				05FE4A0025B7627100FF0572 /* Frameworks */,
				05FE4A0125B7627100FF0572 /* Resources */,
			);
			buildRules = (
			);
			dependencies = (
				05FE4A0525B7627100FF0572 /* PBXTargetDependency */,
			);
			name = "I Am RichTests";
			productName = "I Am RichTests";
			productReference = 05FE4A0325B7627100FF0572 /* I Am RichTests.xctest */;
			productType = "com.apple.product-type.bundle.unit-test";
		};
		05FE4A0D25B7627100FF0572 /* I Am RichUITests */ = {
			isa = PBXNativeTarget;
			buildConfigurationList = 05FE4A1D25B7627100FF0572 /* Build configuration list for PBXNativeTarget "I Am RichUITests" */;
			buildPhases = (
				05FE4A0A25B7627100FF0572 /* Sources */,
				05FE4A0B25B7627100FF0572 /* Frameworks */,
				05FE4A0C25B7627100FF0572 /* Resources */,
			);
			buildRules = (
			);
			dependencies = (
				05FE4A1025B7627100FF0572 /* PBXTargetDependency */,
			);
			name = "I Am RichUITests";
			productName = "I Am RichUITests";
			productReference = 05FE4A0E25B7627100FF0572 /* I Am RichUITests.xctest */;
			productType = "com.apple.product-type.bundle.ui-testing";
		};
/* End PBXNativeTarget section */

/* Begin PBXProject section */
		05FE49E525B7626900FF0572 /* Project object */ = {
			isa = PBXProject;
			attributes = {
				LastSwiftUpdateCheck = 1230;
				LastUpgradeCheck = 1230;
				TargetAttributes = {
					05FE49EC25B7626900FF0572 = {
						CreatedOnToolsVersion = 12.3;
					};
					05FE4A0225B7627100FF0572 = {
						CreatedOnToolsVersion = 12.3;
						TestTargetID = 05FE49EC25B7626900FF0572;
					};
					05FE4A0D25B7627100FF0572 = {
						CreatedOnToolsVersion = 12.3;
						TestTargetID = 05FE49EC25B7626900FF0572;
					};
				};
			};
			buildConfigurationList = 05FE49E825B7626900FF0572 /* Build configuration list for PBXProject "I Am Rich" */;
			compatibilityVersion = "Xcode 9.3";
			developmentRegion = en;
			hasScannedForEncodings = 0;
			knownRegions = (
				en,
				Base,
			);
			mainGroup = 05FE49E425B7626900FF0572;
			productRefGroup = 05FE49EE25B7626900FF0572 /* Products */;
			projectDirPath = "";
			projectRoot = "";
			targets = (
				05FE49EC25B7626900FF0572 /* I Am Rich */,
				05FE4A0225B7627100FF0572 /* I Am RichTests */,
				05FE4A0D25B7627100FF0572 /* I Am RichUITests */,
			);
		};
/* End PBXProject section */

/* Begin PBXResourcesBuildPhase section */
		05FE49EB25B7626900FF0572 /* Resources */ = {
			isa = PBXResourcesBuildPhase;
			buildActionMask = 2147483647;
			files = (
				05FE4A2625B7972B00FF0572 /* Main.storyboard in Resources */,
				05FE49FD25B7627000FF0572 /* LaunchScreen.storyboard in Resources */,
				05FE49FA25B7627000FF0572 /* Assets.xcassets in Resources */,
			);
			runOnlyForDeploymentPostprocessing = 0;
		};
		05FE4A0125B7627100FF0572 /* Resources */ = {
			isa = PBXResourcesBuildPhase;
			buildActionMask = 2147483647;
			files = (
				05FE4A2A25B7988000FF0572 /* Main.storyboard in Resources */,
			);
			runOnlyForDeploymentPostprocessing = 0;
		};
		05FE4A0C25B7627100FF0572 /* Resources */ = {
			isa = PBXResourcesBuildPhase;
			buildActionMask = 2147483647;
			files = (
				05FE4A2E25B7988100FF0572 /* Main.storyboard in Resources */,
			);
			runOnlyForDeploymentPostprocessing = 0;
		};
/* End PBXResourcesBuildPhase section */

/* Begin PBXSourcesBuildPhase section */
		05FE49E925B7626900FF0572 /* Sources */ = {
			isa = PBXSourcesBuildPhase;
			buildActionMask = 2147483647;
			files = (
				05FE49F525B7626A00FF0572 /* ViewController.swift in Sources */,
				05FE49F125B7626900FF0572 /* AppDelegate.swift in Sources */,
				05FE49F325B7626900FF0572 /* SceneDelegate.swift in Sources */,
			);
			runOnlyForDeploymentPostprocessing = 0;
		};
		05FE49FF25B7627100FF0572 /* Sources */ = {
			isa = PBXSourcesBuildPhase;
			buildActionMask = 2147483647;
			files = (
				05FE4A0825B7627100FF0572 /* I_Am_RichTests.swift in Sources */,
			);
			runOnlyForDeploymentPostprocessing = 0;
		};
		05FE4A0A25B7627100FF0572 /* Sources */ = {
			isa = PBXSourcesBuildPhase;
			buildActionMask = 2147483647;
			files = (
				05FE4A1325B7627100FF0572 /* I_Am_RichUITests.swift in Sources */,
			);
			runOnlyForDeploymentPostprocessing = 0;
		};
/* End PBXSourcesBuildPhase section */

/* Begin PBXTargetDependency section */
		05FE4A0525B7627100FF0572 /* PBXTargetDependency */ = {
			isa = PBXTargetDependency;
			target = 05FE49EC25B7626900FF0572 /* I Am Rich */;
			targetProxy = 05FE4A0425B7627100FF0572 /* PBXContainerItemProxy */;
		};
		05FE4A1025B7627100FF0572 /* PBXTargetDependency */ = {
			isa = PBXTargetDependency;
			target = 05FE49EC25B7626900FF0572 /* I Am Rich */;
			targetProxy = 05FE4A0F25B7627100FF0572 /* PBXContainerItemProxy */;
		};
/* End PBXTargetDependency section */

/* Begin PBXVariantGroup section */
		05FE49F625B7626A00FF0572 /* Main.storyboard */ = {
			isa = PBXVariantGroup;
			children = (
				05FE49F725B7626A00FF0572 /* Base */,
			);
			name = Main.storyboard;
			sourceTree = "<group>";
		};
		05FE49FB25B7627000FF0572 /* LaunchScreen.storyboard */ = {
			isa = PBXVariantGroup;
			children = (
				05FE49FC25B7627000FF0572 /* Base */,
			);
			name = LaunchScreen.storyboard;
			sourceTree = "<group>";
		};
/* End PBXVariantGroup section */

/* Begin XCBuildConfiguration section */
		05FE4A1525B7627100FF0572 /* Debug */ = {
			isa = XCBuildConfiguration;
			buildSettings = {
				ALWAYS_SEARCH_USER_PATHS = NO;
				CLANG_ANALYZER_NONNULL = YES;
				CLANG_ANALYZER_NUMBER_OBJECT_CONVERSION = YES_AGGRESSIVE;
				CLANG_CXX_LANGUAGE_STANDARD = "gnu++14";
				CLANG_CXX_LIBRARY = "libc++";
				CLANG_ENABLE_MODULES = YES;
				CLANG_ENABLE_OBJC_ARC = YES;
				CLANG_ENABLE_OBJC_WEAK = YES;
				CLANG_WARN_BLOCK_CAPTURE_AUTORELEASING = YES;
				CLANG_WARN_BOOL_CONVERSION = YES;
				CLANG_WARN_COMMA = YES;
				CLANG_WARN_CONSTANT_CONVERSION = YES;
				CLANG_WARN_DEPRECATED_OBJC_IMPLEMENTATIONS = YES;
				CLANG_WARN_DIRECT_OBJC_ISA_USAGE = YES_ERROR;
				CLANG_WARN_DOCUMENTATION_COMMENTS = YES;
				CLANG_WARN_EMPTY_BODY = YES;
				CLANG_WARN_ENUM_CONVERSION = YES;
				CLANG_WARN_INFINITE_RECURSION = YES;
				CLANG_WARN_INT_CONVERSION = YES;
				CLANG_WARN_NON_LITERAL_NULL_CONVERSION = YES;
				CLANG_WARN_OBJC_IMPLICIT_RETAIN_SELF = YES;
				CLANG_WARN_OBJC_LITERAL_CONVERSION = YES;
				CLANG_WARN_OBJC_ROOT_CLASS = YES_ERROR;
				CLANG_WARN_QUOTED_INCLUDE_IN_FRAMEWORK_HEADER = YES;
				CLANG_WARN_RANGE_LOOP_ANALYSIS = YES;
				CLANG_WARN_STRICT_PROTOTYPES = YES;
				CLANG_WARN_SUSPICIOUS_MOVE = YES;
				CLANG_WARN_UNGUARDED_AVAILABILITY = YES_AGGRESSIVE;
				CLANG_WARN_UNREACHABLE_CODE = YES;
				CLANG_WARN__DUPLICATE_METHOD_MATCH = YES;
				COPY_PHASE_STRIP = NO;
				DEBUG_INFORMATION_FORMAT = dwarf;
				ENABLE_STRICT_OBJC_MSGSEND = YES;
				ENABLE_TESTABILITY = YES;
				GCC_C_LANGUAGE_STANDARD = gnu11;
				GCC_DYNAMIC_NO_PIC = NO;
				GCC_NO_COMMON_BLOCKS = YES;
				GCC_OPTIMIZATION_LEVEL = 0;
				GCC_PREPROCESSOR_DEFINITIONS = (
					"DEBUG=1",
					"$(inherited)",
				);
				GCC_WARN_64_TO_32_BIT_CONVERSION = YES;
				GCC_WARN_ABOUT_RETURN_TYPE = YES_ERROR;
				GCC_WARN_UNDECLARED_SELECTOR = YES;
				GCC_WARN_UNINITIALIZED_AUTOS = YES_AGGRESSIVE;
				GCC_WARN_UNUSED_FUNCTION = YES;
				GCC_WARN_UNUSED_VARIABLE = YES;
				IPHONEOS_DEPLOYMENT_TARGET = 14.3;
				MTL_ENABLE_DEBUG_INFO = INCLUDE_SOURCE;
				MTL_FAST_MATH = YES;
				ONLY_ACTIVE_ARCH = YES;
				SDKROOT = iphoneos;
				SWIFT_ACTIVE_COMPILATION_CONDITIONS = DEBUG;
				SWIFT_OPTIMIZATION_LEVEL = "-Onone";
			};
			name = Debug;
		};
		05FE4A1625B7627100FF0572 /* Release */ = {
			isa = XCBuildConfiguration;
			buildSettings = {
				ALWAYS_SEARCH_USER_PATHS = NO;
				CLANG_ANALYZER_NONNULL = YES;
				CLANG_ANALYZER_NUMBER_OBJECT_CONVERSION = YES_AGGRESSIVE;
				CLANG_CXX_LANGUAGE_STANDARD = "gnu++14";
				CLANG_CXX_LIBRARY = "libc++";
				CLANG_ENABLE_MODULES = YES;
				CLANG_ENABLE_OBJC_ARC = YES;
				CLANG_ENABLE_OBJC_WEAK = YES;
				CLANG_WARN_BLOCK_CAPTURE_AUTORELEASING = YES;
				CLANG_WARN_BOOL_CONVERSION = YES;
				CLANG_WARN_COMMA = YES;
				CLANG_WARN_CONSTANT_CONVERSION = YES;
				CLANG_WARN_DEPRECATED_OBJC_IMPLEMENTATIONS = YES;
				CLANG_WARN_DIRECT_OBJC_ISA_USAGE = YES_ERROR;
				CLANG_WARN_DOCUMENTATION_COMMENTS = YES;
				CLANG_WARN_EMPTY_BODY = YES;
				CLANG_WARN_ENUM_CONVERSION = YES;
				CLANG_WARN_INFINITE_RECURSION = YES;
				CLANG_WARN_INT_CONVERSION = YES;
				CLANG_WARN_NON_LITERAL_NULL_CONVERSION = YES;
				CLANG_WARN_OBJC_IMPLICIT_RETAIN_SELF = YES;
				CLANG_WARN_OBJC_LITERAL_CONVERSION = YES;
				CLANG_WARN_OBJC_ROOT_CLASS = YES_ERROR;
				CLANG_WARN_QUOTED_INCLUDE_IN_FRAMEWORK_HEADER = YES;
				CLANG_WARN_RANGE_LOOP_ANALYSIS = YES;
				CLANG_WARN_STRICT_PROTOTYPES = YES;
				CLANG_WARN_SUSPICIOUS_MOVE = YES;
				CLANG_WARN_UNGUARDED_AVAILABILITY = YES_AGGRESSIVE;
				CLANG_WARN_UNREACHABLE_CODE = YES;
				CLANG_WARN__DUPLICATE_METHOD_MATCH = YES;
				COPY_PHASE_STRIP = NO;
				DEBUG_INFORMATION_FORMAT = "dwarf-with-dsym";
				ENABLE_NS_ASSERTIONS = NO;
				ENABLE_STRICT_OBJC_MSGSEND = YES;
				GCC_C_LANGUAGE_STANDARD = gnu11;
				GCC_NO_COMMON_BLOCKS = YES;
				GCC_WARN_64_TO_32_BIT_CONVERSION = YES;
				GCC_WARN_ABOUT_RETURN_TYPE = YES_ERROR;
				GCC_WARN_UNDECLARED_SELECTOR = YES;
				GCC_WARN_UNINITIALIZED_AUTOS = YES_AGGRESSIVE;
				GCC_WARN_UNUSED_FUNCTION = YES;
				GCC_WARN_UNUSED_VARIABLE = YES;
				IPHONEOS_DEPLOYMENT_TARGET = 14.3;
				MTL_ENABLE_DEBUG_INFO = NO;
				MTL_FAST_MATH = YES;
				SDKROOT = iphoneos;
				SWIFT_COMPILATION_MODE = wholemodule;
				SWIFT_OPTIMIZATION_LEVEL = "-O";
				VALIDATE_PRODUCT = YES;
			};
			name = Release;
		};
		05FE4A1825B7627100FF0572 /* Debug */ = {
			isa = XCBuildConfiguration;
			buildSettings = {
				ASSETCATALOG_COMPILER_APPICON_NAME = AppIcon;
				ASSETCATALOG_COMPILER_GLOBAL_ACCENT_COLOR_NAME = AccentColor;
				CODE_SIGN_IDENTITY = "Apple Development";
				CODE_SIGN_STYLE = Automatic;
				DEVELOPMENT_TEAM = 3CSCHXBQRV;
				INFOPLIST_FILE = "I Am Rich/Info.plist";
				LD_RUNPATH_SEARCH_PATHS = (
					"$(inherited)",
					"@executable_path/Frameworks",
				);
				PRODUCT_BUNDLE_IDENTIFIER = "com.yrlang.I-Am-Rich";
				PRODUCT_NAME = "$(TARGET_NAME)";
				PROVISIONING_PROFILE_SPECIFIER = "";
				SWIFT_VERSION = 5.0;
				TARGETED_DEVICE_FAMILY = "1,2";
			};
			name = Debug;
		};
		05FE4A1925B7627100FF0572 /* Release */ = {
			isa = XCBuildConfiguration;
			buildSettings = {
				ASSETCATALOG_COMPILER_APPICON_NAME = AppIcon;
				ASSETCATALOG_COMPILER_GLOBAL_ACCENT_COLOR_NAME = AccentColor;
				CODE_SIGN_IDENTITY = "Apple Development";
				CODE_SIGN_STYLE = Automatic;
				DEVELOPMENT_TEAM = 3CSCHXBQRV;
				INFOPLIST_FILE = "I Am Rich/Info.plist";
				LD_RUNPATH_SEARCH_PATHS = (
					"$(inherited)",
					"@executable_path/Frameworks",
				);
				PRODUCT_BUNDLE_IDENTIFIER = "com.yrlang.I-Am-Rich";
				PRODUCT_NAME = "$(TARGET_NAME)";
				PROVISIONING_PROFILE_SPECIFIER = "";
				SWIFT_VERSION = 5.0;
				TARGETED_DEVICE_FAMILY = "1,2";
			};
			name = Release;
		};
		05FE4A1B25B7627100FF0572 /* Debug */ = {
			isa = XCBuildConfiguration;
			buildSettings = {
				ALWAYS_EMBED_SWIFT_STANDARD_LIBRARIES = YES;
				BUNDLE_LOADER = "$(TEST_HOST)";
				CODE_SIGN_STYLE = Automatic;
				INFOPLIST_FILE = "I Am RichTests/Info.plist";
				IPHONEOS_DEPLOYMENT_TARGET = 14.3;
				LD_RUNPATH_SEARCH_PATHS = (
					"$(inherited)",
					"@executable_path/Frameworks",
					"@loader_path/Frameworks",
				);
				PRODUCT_BUNDLE_IDENTIFIER = "com.yrlang.I-Am-RichTests";
				PRODUCT_NAME = "$(TARGET_NAME)";
				SWIFT_VERSION = 5.0;
				TARGETED_DEVICE_FAMILY = "1,2";
				TEST_HOST = "$(BUILT_PRODUCTS_DIR)/I Am Rich.app/I Am Rich";
			};
			name = Debug;
		};
		05FE4A1C25B7627100FF0572 /* Release */ = {
			isa = XCBuildConfiguration;
			buildSettings = {
				ALWAYS_EMBED_SWIFT_STANDARD_LIBRARIES = YES;
				BUNDLE_LOADER = "$(TEST_HOST)";
				CODE_SIGN_STYLE = Automatic;
				INFOPLIST_FILE = "I Am RichTests/Info.plist";
				IPHONEOS_DEPLOYMENT_TARGET = 14.3;
				LD_RUNPATH_SEARCH_PATHS = (
					"$(inherited)",
					"@executable_path/Frameworks",
					"@loader_path/Frameworks",
				);
				PRODUCT_BUNDLE_IDENTIFIER = "com.yrlang.I-Am-RichTests";
				PRODUCT_NAME = "$(TARGET_NAME)";
				SWIFT_VERSION = 5.0;
				TARGETED_DEVICE_FAMILY = "1,2";
				TEST_HOST = "$(BUILT_PRODUCTS_DIR)/I Am Rich.app/I Am Rich";
			};
			name = Release;
		};
		05FE4A1E25B7627100FF0572 /* Debug */ = {
			isa = XCBuildConfiguration;
			buildSettings = {
				ALWAYS_EMBED_SWIFT_STANDARD_LIBRARIES = YES;
				CODE_SIGN_STYLE = Automatic;
				INFOPLIST_FILE = "I Am RichUITests/Info.plist";
				LD_RUNPATH_SEARCH_PATHS = (
					"$(inherited)",
					"@executable_path/Frameworks",
					"@loader_path/Frameworks",
				);
				PRODUCT_BUNDLE_IDENTIFIER = "com.yrlang.I-Am-RichUITests";
				PRODUCT_NAME = "$(TARGET_NAME)";
				SWIFT_VERSION = 5.0;
				TARGETED_DEVICE_FAMILY = "1,2";
				TEST_TARGET_NAME = "I Am Rich";
			};
			name = Debug;
		};
		05FE4A1F25B7627100FF0572 /* Release */ = {
			isa = XCBuildConfiguration;
			buildSettings = {
				ALWAYS_EMBED_SWIFT_STANDARD_LIBRARIES = YES;
				CODE_SIGN_STYLE = Automatic;
				INFOPLIST_FILE = "I Am RichUITests/Info.plist";
				LD_RUNPATH_SEARCH_PATHS = (
					"$(inherited)",
					"@executable_path/Frameworks",
					"@loader_path/Frameworks",
				);
				PRODUCT_BUNDLE_IDENTIFIER = "com.yrlang.I-Am-RichUITests";
				PRODUCT_NAME = "$(TARGET_NAME)";
				SWIFT_VERSION = 5.0;
				TARGETED_DEVICE_FAMILY = "1,2";
				TEST_TARGET_NAME = "I Am Rich";
			};
			name = Release;
		};
/* End XCBuildConfiguration section */

/* Begin XCConfigurationList section */
		05FE49E825B7626900FF0572 /* Build configuration list for PBXProject "I Am Rich" */ = {
			isa = XCConfigurationList;
			buildConfigurations = (
				05FE4A1525B7627100FF0572 /* Debug */,
				05FE4A1625B7627100FF0572 /* Release */,
			);
			defaultConfigurationIsVisible = 0;
			defaultConfigurationName = Release;
		};
		05FE4A1725B7627100FF0572 /* Build configuration list for PBXNativeTarget "I Am Rich" */ = {
			isa = XCConfigurationList;
			buildConfigurations = (
				05FE4A1825B7627100FF0572 /* Debug */,
				05FE4A1925B7627100FF0572 /* Release */,
			);
			defaultConfigurationIsVisible = 0;
			defaultConfigurationName = Release;
		};
		05FE4A1A25B7627100FF0572 /* Build configuration list for PBXNativeTarget "I Am RichTests" */ = {
			isa = XCConfigurationList;
			buildConfigurations = (
				05FE4A1B25B7627100FF0572 /* Debug */,
				05FE4A1C25B7627100FF0572 /* Release */,
			);
			defaultConfigurationIsVisible = 0;
			defaultConfigurationName = Release;
		};
		05FE4A1D25B7627100FF0572 /* Build configuration list for PBXNativeTarget "I Am RichUITests" */ = {
			isa = XCConfigurationList;
			buildConfigurations = (
				05FE4A1E25B7627100FF0572 /* Debug */,
				05FE4A1F25B7627100FF0572 /* Release */,
			);
			defaultConfigurationIsVisible = 0;
			defaultConfigurationName = Release;
		};
/* End XCConfigurationList section */
	};
	rootObject = 05FE49E525B7626900FF0572 /* Project object */;
}
